github.com/beorn7/perks v1.0.1 h1:VlbKKnNfV8bJzeqoa4cOKqO6bYr3WgKZxO8Z16+hsOM=
github.com/beorn7/perks v1.0.1/go.mod h1:G2ZrVWU2WbWT9wwq4/hrbKbnv/1ERSJQ0ibhJ6rlkpw=
github.com/cespare/xxhash/v2 v2.2.0 h1:DC2CZ1Ep5Y4k3ZQ899DldepgrayRUGE6BBZ/cd9Cj44=
github.com/cespare/xxhash/v2 v2.2.0/go.mod h1:VGX0DQ3Q6kWi7AoAeZDth3/j3BFtOZR5XLFGgcrjCOs=
github.com/davecgh/go-spew v1.1.1 h1:vj9j/u1bqnvCEfJOwUhtlOARqs3+rkHYY13jYWTU97c=
github.com/dustin/go-humanize v1.0.1 h1:GzkhY7T5VNhEkwH0PVJgjz+fX1rhBrR7pRT3mDkpeCY=
github.com/dustin/go-humanize v1.0.1/go.mod h1:Mu1zIs6XwVuF/gI1OepvI0qD18qycQx+mFykh5fBlto=
github.com/golang/protobuf v1.2.0/go.mod h1:6lQm79b+lXiMfvg/cZm0SGofjICqVBUtrP5yJMmIC1U=
github.com/golang/protobuf v1.5.0/go.mod h1:FsONVRAS9T7sI+LIUmWTfcYkHO4aIWwzhcaSAoJOfIk=
github.com/golang/protobuf v1.5.3 h1:KhyjKVUg7Usr/dYsdSqoFveMYd5ko72D+zANwlG1mmg=
github.com/golang/protobuf v1.5.3/go.mod h1:XVQd3VNwM+JqD3oG2Ue2ip4fOMUkwXdXDdiuN0vRsmY=
github.com/google/go-cmp v0.5.5/go.mod h1:v8dTdLbMG2kIc/vJvl+f65V22dbkXbowE6jgT/gNBxE=
github.com/google/go-cmp v0.5.9 h1:O2Tfq5qg4qc4AmwVlvv0oLiVAGB7enBSJ2x2DqQFi38=
github.com/kr/pretty v0.3.1 h1:flRD4NNwYAUpkphVc1HcthR4KEIFJ65n8Mw5qdRn3LE=
github.com/kr/text v0.2.0 h1:5Nx0Ya0ZqY2ygV366QzturHI13Jq95ApcVaJBhpS+AY=
github.com/matttproud/golang_protobuf_extensions v1.0.4 h1:mmDVorXM7PCGKw94cs5zkfA9PSy5pEvNWRP0ET0TIVo=
github.com/matttproud/golang_protobuf_extensions v1.0.4/go.mod h1:BSXmuO+STAnVfrANrmjBb36TMTDstsz7MSK+HVaYKv4=
github.com/prometheus/client_golang v1.16.0 h1:yk/hx9hDbrGHovbci4BY+pRMfSuuat626eFsHb7tmT8=
github.com/prometheus/client_golang v1.16.0/go.mod h1:Zsulrv/L9oM40tJ7T815tM89lFEugiJ9HzIqaAx4LKc=
github.com/prometheus/client_model v0.4.0 h1:5lQXD3cAg1OXBf4Wq03gTrXHeaV0TQvGfUooCfx1yqY=
github.com/prometheus/client_model v0.4.0/go.mod h1:oMQmHW1/JoDwqLtg57MGgP/Fb1CJEYF2imWWhWtMkYU=
github.com/prometheus/common v0.44.0 h1:+5BrQJwiBB9xsMygAB3TNvpQKOwlkc25LbISbrdOOfY=
github.com/prometheus/common v0.44.0/go.mod h1:ofAIvZbQ1e/nugmZGz4/qCb9Ap1VoSTIO7x0VV9VvuY=
github.com/prometheus/procfs v0.11.1 h1:xRC8Iq1yyca5ypa9n1EZnWZkt7dwcoRPQwX/5gwaUuI=
github.com/prometheus/procfs v0.11.1/go.mod h1:eesXgaPo1q7lBpVMoMy0ZOFTth9hBn4W/y0/p/ScXhY=
github.com/rogpeppe/go-internal v1.10.0 h1:TMyTOH3F/DB16zRVcYyreMH6GnZZrwQVAoYjRBZyWFQ=
golang.conradwood.net/apis/auth v1.1.2511 h1:p7D5TTyzM4EadtD3qpvGsmOd9HaGIToCNH6toZwQd0g=
golang.conradwood.net/apis/auth v1.1.2511/go.mod h1:EszTwAup+3VxHwq1hLJI7Hu0+DTXObE6J0qofFrN2Gc=
golang.conradwood.net/apis/autodeployer v1.1.2511 h1:UjxBmIRivoiz6koing0gb92I03L3RiC8A7c/mxTqrVc=
golang.conradwood.net/apis/autodeployer v1.1.2511/go.mod h1:F84hH7auNlm23mrXkm/w82+gs2AYay+VJ5CU6JANjhU=
golang.conradwood.net/apis/common v1.1.2511 h1:vNsX8VlEFixdftiU4TBGJOZ3msiFUg6nstPud8IA1Zc=
golang.conradwood.net/apis/common v1.1.2511/go.mod h1:k911pB9qeC2TiEI+YO/Zr3MZLTpNjIIpFUKOWjCRVtU=
golang.conradwood.net/apis/deploymonkey v1.1.2511 h1:KtjolDvT/y5IpsmyylwZixtMesA78hkMu4gb210UtQk=
golang.conradwood.net/apis/deploymonkey v1.1.2511/go.mod h1:1i+RhgNaZB8dKV0i7XOz6XyyuEFyYTu2jxs695mXH1M=
golang.conradwood.net/apis/echoservice v1.1.2511 h1:cxtMUct6lNX/5PZsHhjjBSoqc0MPDuEj6FOL3AXCpqU=
golang.conradwood.net/apis/echoservice v1.1.2511/go.mod h1:Tu/+tErdZ5Wr7Q010GpcAfud7Ok1zlIuNlTJn7fm18Y=
golang.conradwood.net/apis/errorlogger v1.1.2511 h1:fm5k9YUjpmtBS6AVoBAfOmWcT699Cg+/cA1EGVazTVE=
golang.conradwood.net/apis/errorlogger v1.1.2511/go.mod h1:YVUIkIXTEZZPzU0dNi+jDBcviPb5N1NlScVGaJAr6wE=
golang.conradwood.net/apis/framework v1.1.2511 h1:cVETJd/lv44givuxLjP+xoQj0pW4VRwu+6nPq7Lob/Y=
golang.conradwood.net/apis/framework v1.1.2511/go.mod h1:ASQso3xn3GpR0A06yy1bbBUOMjs/ELQ+1f7Hx3o8MRM=
golang.conradwood.net/apis/goeasyops v1.1.2511 h1:GxTZMr+zSC7BZzYu0C9BWuXsViWopzT0lLEnV9eobhE=
golang.conradwood.net/apis/goeasyops v1.1.2511/go.mod h1:5H+Z2WcgF2e6dXcubJIDEtowl2F9gZb8bMcGM4ObCcw=
golang.conradwood.net/apis/h2gproxy v1.1.2511 h1:bhDRmaLUO5PaXj3lQeoVYhCmQ7bqfVkICXix5iixWuw=
golang.conradwood.net/apis/h2gproxy v1.1.2511/go.mod h1:vAH2So9LwiEfSTdPVoU+3E9R3JChvtFfrj/f7ivzWmk=
golang.conradwood.net/apis/objectstore v1.1.2511 h1:GertUfzEYytDZi2TT83gAqT3FqJ7BwSIRdL+l++XsDo=
golang.conradwood.net/apis/objectstore v1.1.2511/go.mod h1:KTXXKiV5zHSnHVzZTHWJ3H1eNzhEyeTTiyGUdvdrVpM=
golang.conradwood.net/apis/registry v1.1.2511 h1:gZUZc4Ha5vHIzvpR63joiO565/0TZb6oE7mJ6sTkA+c=
golang.conradwood.net/apis/registry v1.1.2511/go.mod h1:ieU76H8FUGXVAB+Vr1kT90pH1TTefLtBUgTLoWJQFmo=
golang.conradwood.net/apis/rpcinterceptor v1.1.2511 h1:wBd7n3P7XKsElnBsxcFWVcn/kszS8SqQ+9tTT+V4bos=
golang.conradwood.net/apis/rpcinterceptor v1.1.2511/go.mod h1:B73s9kqar0LeqTh57F8CPMG7oQayJ/+tvzdoAng22c8=
golang.conradwood.net/go-easyops v0.1.19161 h1:GwnF37pqylATjcztIxv/FQzX4NK6OKfynjgM/fVifd8=
golang.conradwood.net/go-easyops v0.1.19161/go.mod h1:RC7fYrRFMXBQWlCSx3eaLTwAKA89p7LcP0fJz7wbv+4=
golang.org/x/net v0.14.0 h1:BONx9s002vGdD9umnlX1Po8vOZmrgH34qlHcD1MfK14=
golang.org/x/net v0.14.0/go.mod h1:PpSgVXXLK0OxS0F31C1/tv6XNguvCrnXIDrFMspZIUI=
golang.org/x/sync v0.0.0-20181221193216-37e7f081c4d4/go.mod h1:RxMgew5VJxzue5/jJTE5uejpjVlOe/izrB70Jof72aM=
golang.org/x/sys v0.11.0 h1:eG7RXZHdqOJ1i+0lgLgCpSXAp6M3LYlAo6osgSi0xOM=
golang.org/x/sys v0.11.0/go.mod h1:oPkhp1MJrh7nUepCBck5+mAzfO9JrbApNNgaTdGDITg=
golang.org/x/text v0.12.0 h1:k+n5B8goJNdU7hSvEtMUz3d1Q6D/XW4COJSJR6fN0mc=
golang.org/x/text v0.12.0/go.mod h1:TvPlkZtksWOMsz7fbANvkp4WM8x/WCo/om8BMLbz+aE=
golang.org/x/xerrors v0.0.0-20191204190536-9bdfabe68543/go.mod h1:I/5z698sn9Ka8TeJc9MKroUUfqBBauWjQqLJ2OPfmY0=
golang.yacloud.eu/apis/session v1.1.2511 h1:FX0vJyqA7+wuW6v7VhYVjIOUKqPXLIlInmA5tTyNNdo=
golang.yacloud.eu/apis/session v1.1.2511/go.mod h1:Cw7WC5Tei0fGTuaHINPGWhmQtUFX50aljfR9cQR5TP0=
golang.yacloud.eu/apis/urlcacher v1.1.2511 h1:Ww4R/eD7BaHcE355p/tid/AWigIunFBrM8UOjE6ZZPA=
golang.yacloud.eu/apis/urlcacher v1.1.2511/go.mod h1:c9AU9NBfWLJg0jOq1GITgmPlGk0jOyUeUie4mazR5fo=
google.golang.org/genproto/googleapis/rpc v0.0.0-20230525234030-28d5490b6b19 h1:0nDDozoAU19Qb2HwhXadU8OcsiO/09cnTqhUtq2MEOM=
google.golang.org/genproto/googleapis/rpc v0.0.0-20230525234030-28d5490b6b19/go.mod h1:66JfowdXAEgad5O9NnYcsNPLCPZJD++2L9X0PCMODrA=
google.golang.org/grpc v1.57.0 h1:kfzNeI/klCGD2YPMUlaGNT3pxvYfga7smW3Vth8Zsiw=
google.golang.org/grpc v1.57.0/go.mod h1:Sd+9RMTACXwmub0zcNY2c4arhtrbBYD1AUHI/dt16Mo=
google.golang.org/protobuf v1.26.0-rc.1/go.mod h1:jlhhOSvTdKEhbULTjvd4ARK9grFBp09yW+WbY/TyQbw=
google.golang.org/protobuf v1.26.0/go.mod h1:9q0QmTI4eRPtz6boOQmLYwt+qCgq0jsYwAQnmE0givc=
google.golang.org/protobuf v1.31.0 h1:g0LDEJHgrBl9N9r17Ru3sqWhkIx2NB67okBHPwC7hs8=
google.golang.org/protobuf v1.31.0/go.mod h1:HV8QOd/L58Z+nl8r43ehVNZIU/HEI6OcFqwMG9pJV4I=
gopkg.in/check.v1 v0.0.0-20161208181325-20d25e280405/go.mod h1:Co6ibVJAznAaIkqp8huTwlJQCZ016jof/cbN4VW5Yz0=
gopkg.in/check.v1 v1.0.0-20201130134442-10cb98267c6c h1:Hei/4ADfdWqJk1ZMxUNpqntNwaWcugrBjAiHlqqRiVk=
gopkg.in/yaml.v2 v2.4.0 h1:D8xgwECY7CYvx+Y2n4sBz93Jn9JRvxdiyyo8CTfuKaY=
gopkg.in/yaml.v2 v2.4.0/go.mod h1:RDklbk79AGWmwhnvt/jBztapEOGDOx6ZbXqjP6csGnQ=
